// !$*UTF8*$!
{
	archiveVersion = 1;
	classes = {
	};
	objectVersion = 51;
	objects = {

/* Begin PBXBuildFile section */
		33797DFA0139279E8A640DA0 /* Pods_SmartHome.framework in Frameworks */ = {isa = PBXBuildFile; fileRef = D32BCD5C0B20F86FA2C297C7 /* Pods_SmartHome.framework */; };
		8CAB615822F8FC4000329C2B /* AppDelegate.swift in Sources */ = {isa = PBXBuildFile; fileRef = 8CAB615722F8FC4000329C2B /* AppDelegate.swift */; };
		8CAB615A22F8FC4000329C2B /* ViewController.swift in Sources */ = {isa = PBXBuildFile; fileRef = 8CAB615922F8FC4000329C2B /* ViewController.swift */; };
		8CAB615D22F8FC4000329C2B /* Main.storyboard in Resources */ = {isa = PBXBuildFile; fileRef = 8CAB615B22F8FC4000329C2B /* Main.storyboard */; };
		8CAB615F22F8FC4500329C2B /* Assets.xcassets in Resources */ = {isa = PBXBuildFile; fileRef = 8CAB615E22F8FC4500329C2B /* Assets.xcassets */; };
		8CAB616222F8FC4500329C2B /* LaunchScreen.storyboard in Resources */ = {isa = PBXBuildFile; fileRef = 8CAB616022F8FC4500329C2B /* LaunchScreen.storyboard */; };
		8CAB616D22F8FC4500329C2B /* SmartHomeTests.swift in Sources */ = {isa = PBXBuildFile; fileRef = 8CAB616C22F8FC4500329C2B /* SmartHomeTests.swift */; };
		8CAB617822F8FC4500329C2B /* SmartHomeUITests.swift in Sources */ = {isa = PBXBuildFile; fileRef = 8CAB617722F8FC4500329C2B /* SmartHomeUITests.swift */; };
		8CAB618822F9000200329C2B /* NetworkManager.swift in Sources */ = {isa = PBXBuildFile; fileRef = 8CAB618722F9000200329C2B /* NetworkManager.swift */; };
		8CAB618A22F9003800329C2B /* DataStorage.swift in Sources */ = {isa = PBXBuildFile; fileRef = 8CAB618922F9003800329C2B /* DataStorage.swift */; };
		8CAB618F22F900A000329C2B /* HomepageViewController.swift in Sources */ = {isa = PBXBuildFile; fileRef = 8CAB618E22F900A000329C2B /* HomepageViewController.swift */; };
		8CAB619222F900C400329C2B /* HomepageViewModel.swift in Sources */ = {isa = PBXBuildFile; fileRef = 8CAB619122F900C400329C2B /* HomepageViewModel.swift */; };
		8CAB619522F900E400329C2B /* RoomViewModel.swift in Sources */ = {isa = PBXBuildFile; fileRef = 8CAB619422F900E400329C2B /* RoomViewModel.swift */; };
		8CAB619722F900F200329C2B /* RoomViewController.swift in Sources */ = {isa = PBXBuildFile; fileRef = 8CAB619622F900F200329C2B /* RoomViewController.swift */; };
		8CAB619B22F9012600329C2B /* House.swift in Sources */ = {isa = PBXBuildFile; fileRef = 8CAB619A22F9012600329C2B /* House.swift */; };
		8CAB619D22F9014000329C2B /* Room.swift in Sources */ = {isa = PBXBuildFile; fileRef = 8CAB619C22F9014000329C2B /* Room.swift */; };
		8CAB619F22F9015300329C2B /* Fixture.swift in Sources */ = {isa = PBXBuildFile; fileRef = 8CAB619E22F9015300329C2B /* Fixture.swift */; };
		8CAB61A122F9018600329C2B /* ApiService.swift in Sources */ = {isa = PBXBuildFile; fileRef = 8CAB61A022F9018600329C2B /* ApiService.swift */; };
		8CAB61A422F901CF00329C2B /* TemperaturePoller.swift in Sources */ = {isa = PBXBuildFile; fileRef = 8CAB61A322F901CF00329C2B /* TemperaturePoller.swift */; };
		8CAB61A822F9080E00329C2B /* HouseTests.swift in Sources */ = {isa = PBXBuildFile; fileRef = 8CAB61A722F9080E00329C2B /* HouseTests.swift */; };
		8CAB61AB22FA2C0300329C2B /* DataStorageTests.swift in Sources */ = {isa = PBXBuildFile; fileRef = 8CAB61AA22FA2C0300329C2B /* DataStorageTests.swift */; };
/* End PBXBuildFile section */

/* Begin PBXContainerItemProxy section */
		8CAB616922F8FC4500329C2B /* PBXContainerItemProxy */ = {
			isa = PBXContainerItemProxy;
			containerPortal = 8CAB614C22F8FC3F00329C2B /* Project object */;
			proxyType = 1;
			remoteGlobalIDString = 8CAB615322F8FC4000329C2B;
			remoteInfo = SmartHome;
		};
		8CAB617422F8FC4500329C2B /* PBXContainerItemProxy */ = {
			isa = PBXContainerItemProxy;
			containerPortal = 8CAB614C22F8FC3F00329C2B /* Project object */;
			proxyType = 1;
			remoteGlobalIDString = 8CAB615322F8FC4000329C2B;
			remoteInfo = SmartHome;
		};
/* End PBXContainerItemProxy section */

/* Begin PBXFileReference section */
		3665F6C16EB97DCEF1E12DA6 /* Pods-SmartHome.release.xcconfig */ = {isa = PBXFileReference; includeInIndex = 1; lastKnownFileType = text.xcconfig; name = "Pods-SmartHome.release.xcconfig"; path = "Target Support Files/Pods-SmartHome/Pods-SmartHome.release.xcconfig"; sourceTree = "<group>"; };
		8CAB615422F8FC4000329C2B /* SmartHome.app */ = {isa = PBXFileReference; explicitFileType = wrapper.application; includeInIndex = 0; path = SmartHome.app; sourceTree = BUILT_PRODUCTS_DIR; };
		8CAB615722F8FC4000329C2B /* AppDelegate.swift */ = {isa = PBXFileReference; lastKnownFileType = sourcecode.swift; path = AppDelegate.swift; sourceTree = "<group>"; };
		8CAB615922F8FC4000329C2B /* ViewController.swift */ = {isa = PBXFileReference; lastKnownFileType = sourcecode.swift; path = ViewController.swift; sourceTree = "<group>"; };
		8CAB615C22F8FC4000329C2B /* Base */ = {isa = PBXFileReference; lastKnownFileType = file.storyboard; name = Base; path = Base.lproj/Main.storyboard; sourceTree = "<group>"; };
		8CAB615E22F8FC4500329C2B /* Assets.xcassets */ = {isa = PBXFileReference; lastKnownFileType = folder.assetcatalog; path = Assets.xcassets; sourceTree = "<group>"; };
		8CAB616122F8FC4500329C2B /* Base */ = {isa = PBXFileReference; lastKnownFileType = file.storyboard; name = Base; path = Base.lproj/LaunchScreen.storyboard; sourceTree = "<group>"; };
		8CAB616322F8FC4500329C2B /* Info.plist */ = {isa = PBXFileReference; lastKnownFileType = text.plist.xml; path = Info.plist; sourceTree = "<group>"; };
		8CAB616822F8FC4500329C2B /* SmartHomeTests.xctest */ = {isa = PBXFileReference; explicitFileType = wrapper.cfbundle; includeInIndex = 0; path = SmartHomeTests.xctest; sourceTree = BUILT_PRODUCTS_DIR; };
		8CAB616C22F8FC4500329C2B /* SmartHomeTests.swift */ = {isa = PBXFileReference; lastKnownFileType = sourcecode.swift; path = SmartHomeTests.swift; sourceTree = "<group>"; };
		8CAB616E22F8FC4500329C2B /* Info.plist */ = {isa = PBXFileReference; lastKnownFileType = text.plist.xml; path = Info.plist; sourceTree = "<group>"; };
		8CAB617322F8FC4500329C2B /* SmartHomeUITests.xctest */ = {isa = PBXFileReference; explicitFileType = wrapper.cfbundle; includeInIndex = 0; path = SmartHomeUITests.xctest; sourceTree = BUILT_PRODUCTS_DIR; };
		8CAB617722F8FC4500329C2B /* SmartHomeUITests.swift */ = {isa = PBXFileReference; lastKnownFileType = sourcecode.swift; path = SmartHomeUITests.swift; sourceTree = "<group>"; };
		8CAB617922F8FC4500329C2B /* Info.plist */ = {isa = PBXFileReference; lastKnownFileType = text.plist.xml; path = Info.plist; sourceTree = "<group>"; };
		8CAB618722F9000200329C2B /* NetworkManager.swift */ = {isa = PBXFileReference; lastKnownFileType = sourcecode.swift; path = NetworkManager.swift; sourceTree = "<group>"; };
		8CAB618922F9003800329C2B /* DataStorage.swift */ = {isa = PBXFileReference; lastKnownFileType = sourcecode.swift; path = DataStorage.swift; sourceTree = "<group>"; };
		8CAB618E22F900A000329C2B /* HomepageViewController.swift */ = {isa = PBXFileReference; lastKnownFileType = sourcecode.swift; path = HomepageViewController.swift; sourceTree = "<group>"; };
		8CAB619122F900C400329C2B /* HomepageViewModel.swift */ = {isa = PBXFileReference; lastKnownFileType = sourcecode.swift; path = HomepageViewModel.swift; sourceTree = "<group>"; };
		8CAB619422F900E400329C2B /* RoomViewModel.swift */ = {isa = PBXFileReference; lastKnownFileType = sourcecode.swift; path = RoomViewModel.swift; sourceTree = "<group>"; };
		8CAB619622F900F200329C2B /* RoomViewController.swift */ = {isa = PBXFileReference; lastKnownFileType = sourcecode.swift; path = RoomViewController.swift; sourceTree = "<group>"; };
		8CAB619A22F9012600329C2B /* House.swift */ = {isa = PBXFileReference; lastKnownFileType = sourcecode.swift; path = House.swift; sourceTree = "<group>"; };
		8CAB619C22F9014000329C2B /* Room.swift */ = {isa = PBXFileReference; lastKnownFileType = sourcecode.swift; path = Room.swift; sourceTree = "<group>"; };
		8CAB619E22F9015300329C2B /* Fixture.swift */ = {isa = PBXFileReference; lastKnownFileType = sourcecode.swift; path = Fixture.swift; sourceTree = "<group>"; };
		8CAB61A022F9018600329C2B /* ApiService.swift */ = {isa = PBXFileReference; lastKnownFileType = sourcecode.swift; path = ApiService.swift; sourceTree = "<group>"; };
		8CAB61A322F901CF00329C2B /* TemperaturePoller.swift */ = {isa = PBXFileReference; lastKnownFileType = sourcecode.swift; path = TemperaturePoller.swift; sourceTree = "<group>"; };
		8CAB61A722F9080E00329C2B /* HouseTests.swift */ = {isa = PBXFileReference; lastKnownFileType = sourcecode.swift; path = HouseTests.swift; sourceTree = "<group>"; };
		8CAB61AA22FA2C0300329C2B /* DataStorageTests.swift */ = {isa = PBXFileReference; lastKnownFileType = sourcecode.swift; path = DataStorageTests.swift; sourceTree = "<group>"; };
		CC27645E17DC6604202EE00A /* Pods-SmartHome.debug.xcconfig */ = {isa = PBXFileReference; includeInIndex = 1; lastKnownFileType = text.xcconfig; name = "Pods-SmartHome.debug.xcconfig"; path = "Target Support Files/Pods-SmartHome/Pods-SmartHome.debug.xcconfig"; sourceTree = "<group>"; };
		D32BCD5C0B20F86FA2C297C7 /* Pods_SmartHome.framework */ = {isa = PBXFileReference; explicitFileType = wrapper.framework; includeInIndex = 0; path = Pods_SmartHome.framework; sourceTree = BUILT_PRODUCTS_DIR; };
/* End PBXFileReference section */

/* Begin PBXFrameworksBuildPhase section */
		8CAB615122F8FC4000329C2B /* Frameworks */ = {
			isa = PBXFrameworksBuildPhase;
			buildActionMask = 2147483647;
			files = (
				33797DFA0139279E8A640DA0 /* Pods_SmartHome.framework in Frameworks */,
			);
			runOnlyForDeploymentPostprocessing = 0;
		};
		8CAB616522F8FC4500329C2B /* Frameworks */ = {
			isa = PBXFrameworksBuildPhase;
			buildActionMask = 2147483647;
			files = (
			);
			runOnlyForDeploymentPostprocessing = 0;
		};
		8CAB617022F8FC4500329C2B /* Frameworks */ = {
			isa = PBXFrameworksBuildPhase;
			buildActionMask = 2147483647;
			files = (
			);
			runOnlyForDeploymentPostprocessing = 0;
		};
/* End PBXFrameworksBuildPhase section */

/* Begin PBXGroup section */
		3E08A138F37CCD12E6AAC06D /* Frameworks */ = {
			isa = PBXGroup;
			children = (
				D32BCD5C0B20F86FA2C297C7 /* Pods_SmartHome.framework */,
			);
			name = Frameworks;
			sourceTree = "<group>";
		};
		6070A8C9181EDFD5C10648AA /* Pods */ = {
			isa = PBXGroup;
			children = (
				CC27645E17DC6604202EE00A /* Pods-SmartHome.debug.xcconfig */,
				3665F6C16EB97DCEF1E12DA6 /* Pods-SmartHome.release.xcconfig */,
			);
			path = Pods;
			sourceTree = "<group>";
		};
		8CAB614B22F8FC3F00329C2B = {
			isa = PBXGroup;
			children = (
				8CAB615622F8FC4000329C2B /* SmartHome */,
				8CAB616B22F8FC4500329C2B /* SmartHomeTests */,
				8CAB617622F8FC4500329C2B /* SmartHomeUITests */,
				8CAB615522F8FC4000329C2B /* Products */,
				6070A8C9181EDFD5C10648AA /* Pods */,
				3E08A138F37CCD12E6AAC06D /* Frameworks */,
			);
			sourceTree = "<group>";
		};
		8CAB615522F8FC4000329C2B /* Products */ = {
			isa = PBXGroup;
			children = (
				8CAB615422F8FC4000329C2B /* SmartHome.app */,
				8CAB616822F8FC4500329C2B /* SmartHomeTests.xctest */,
				8CAB617322F8FC4500329C2B /* SmartHomeUITests.xctest */,
			);
			name = Products;
			sourceTree = "<group>";
		};
		8CAB615622F8FC4000329C2B /* SmartHome */ = {
			isa = PBXGroup;
			children = (
				8CAB61A222F901BD00329C2B /* Utility */,
				8CAB618B22F9005400329C2B /* App */,
				8CAB618622F8FFE400329C2B /* Data */,
				8CAB618522F8FFC200329C2B /* Network */,
				8CAB615722F8FC4000329C2B /* AppDelegate.swift */,
				8CAB615922F8FC4000329C2B /* ViewController.swift */,
				8CAB615B22F8FC4000329C2B /* Main.storyboard */,
				8CAB615E22F8FC4500329C2B /* Assets.xcassets */,
				8CAB616022F8FC4500329C2B /* LaunchScreen.storyboard */,
				8CAB616322F8FC4500329C2B /* Info.plist */,
			);
			path = SmartHome;
			sourceTree = "<group>";
		};
		8CAB616B22F8FC4500329C2B /* SmartHomeTests */ = {
			isa = PBXGroup;
			children = (
				8CAB61A522F907F300329C2B /* Data */,
				8CAB616C22F8FC4500329C2B /* SmartHomeTests.swift */,
				8CAB616E22F8FC4500329C2B /* Info.plist */,
			);
			path = SmartHomeTests;
			sourceTree = "<group>";
		};
		8CAB617622F8FC4500329C2B /* SmartHomeUITests */ = {
			isa = PBXGroup;
			children = (
				8CAB617722F8FC4500329C2B /* SmartHomeUITests.swift */,
				8CAB617922F8FC4500329C2B /* Info.plist */,
			);
			path = SmartHomeUITests;
			sourceTree = "<group>";
		};
		8CAB618522F8FFC200329C2B /* Network */ = {
			isa = PBXGroup;
			children = (
				8CAB618722F9000200329C2B /* NetworkManager.swift */,
				8CAB61A022F9018600329C2B /* ApiService.swift */,
			);
			path = Network;
			sourceTree = "<group>";
		};
		8CAB618622F8FFE400329C2B /* Data */ = {
			isa = PBXGroup;
			children = (
				8CAB619922F9011500329C2B /* Models */,
				8CAB618922F9003800329C2B /* DataStorage.swift */,
			);
			path = Data;
			sourceTree = "<group>";
		};
		8CAB618B22F9005400329C2B /* App */ = {
			isa = PBXGroup;
			children = (
				8CAB618D22F9007800329C2B /* Room */,
				8CAB618C22F9006B00329C2B /* Homepage */,
			);
			path = App;
			sourceTree = "<group>";
		};
		8CAB618C22F9006B00329C2B /* Homepage */ = {
			isa = PBXGroup;
			children = (
				8CAB619022F900A900329C2B /* ViewModels */,
				8CAB618E22F900A000329C2B /* HomepageViewController.swift */,
			);
			path = Homepage;
			sourceTree = "<group>";
		};
		8CAB618D22F9007800329C2B /* Room */ = {
			isa = PBXGroup;
			children = (
				8CAB619322F900D300329C2B /* ViewModels */,
				8CAB619622F900F200329C2B /* RoomViewController.swift */,
			);
			path = Room;
			sourceTree = "<group>";
		};
		8CAB619022F900A900329C2B /* ViewModels */ = {
			isa = PBXGroup;
			children = (
				8CAB619122F900C400329C2B /* HomepageViewModel.swift */,
			);
			path = ViewModels;
			sourceTree = "<group>";
		};
		8CAB619322F900D300329C2B /* ViewModels */ = {
			isa = PBXGroup;
			children = (
				8CAB619422F900E400329C2B /* RoomViewModel.swift */,
			);
			path = ViewModels;
			sourceTree = "<group>";
		};
		8CAB619922F9011500329C2B /* Models */ = {
			isa = PBXGroup;
			children = (
				8CAB619A22F9012600329C2B /* House.swift */,
				8CAB619C22F9014000329C2B /* Room.swift */,
				8CAB619E22F9015300329C2B /* Fixture.swift */,
			);
			path = Models;
			sourceTree = "<group>";
		};
		8CAB61A222F901BD00329C2B /* Utility */ = {
			isa = PBXGroup;
			children = (
				8CAB61A322F901CF00329C2B /* TemperaturePoller.swift */,
			);
			path = Utility;
			sourceTree = "<group>";
		};
		8CAB61A522F907F300329C2B /* Data */ = {
			isa = PBXGroup;
			children = (
				8CAB61A922FA2BF200329C2B /* Data */,
				8CAB61A622F907FB00329C2B /* Model */,
			);
			path = Data;
			sourceTree = "<group>";
		};
		8CAB61A622F907FB00329C2B /* Model */ = {
			isa = PBXGroup;
			children = (
				8CAB61A722F9080E00329C2B /* HouseTests.swift */,
			);
			path = Model;
			sourceTree = "<group>";
		};
		8CAB61A922FA2BF200329C2B /* Data */ = {
			isa = PBXGroup;
			children = (
				8CAB61AA22FA2C0300329C2B /* DataStorageTests.swift */,
			);
			path = Data;
			sourceTree = "<group>";
		};
/* End PBXGroup section */

/* Begin PBXNativeTarget section */
		8CAB615322F8FC4000329C2B /* SmartHome */ = {
			isa = PBXNativeTarget;
			buildConfigurationList = 8CAB617C22F8FC4500329C2B /* Build configuration list for PBXNativeTarget "SmartHome" */;
			buildPhases = (
				0A3F0F5D8394925E1682F678 /* [CP] Check Pods Manifest.lock */,
				8CAB615022F8FC4000329C2B /* Sources */,
				8CAB615122F8FC4000329C2B /* Frameworks */,
				8CAB615222F8FC4000329C2B /* Resources */,
				E24F185A9119ACAB38EF4A9D /* [CP] Embed Pods Frameworks */,
			);
			buildRules = (
			);
			dependencies = (
			);
			name = SmartHome;
			productName = SmartHome;
			productReference = 8CAB615422F8FC4000329C2B /* SmartHome.app */;
			productType = "com.apple.product-type.application";
		};
		8CAB616722F8FC4500329C2B /* SmartHomeTests */ = {
			isa = PBXNativeTarget;
			buildConfigurationList = 8CAB617F22F8FC4500329C2B /* Build configuration list for PBXNativeTarget "SmartHomeTests" */;
			buildPhases = (
				8CAB616422F8FC4500329C2B /* Sources */,
				8CAB616522F8FC4500329C2B /* Frameworks */,
				8CAB616622F8FC4500329C2B /* Resources */,
			);
			buildRules = (
			);
			dependencies = (
				8CAB616A22F8FC4500329C2B /* PBXTargetDependency */,
			);
			name = SmartHomeTests;
			productName = SmartHomeTests;
			productReference = 8CAB616822F8FC4500329C2B /* SmartHomeTests.xctest */;
			productType = "com.apple.product-type.bundle.unit-test";
		};
		8CAB617222F8FC4500329C2B /* SmartHomeUITests */ = {
			isa = PBXNativeTarget;
			buildConfigurationList = 8CAB618222F8FC4500329C2B /* Build configuration list for PBXNativeTarget "SmartHomeUITests" */;
			buildPhases = (
				8CAB616F22F8FC4500329C2B /* Sources */,
				8CAB617022F8FC4500329C2B /* Frameworks */,
				8CAB617122F8FC4500329C2B /* Resources */,
			);
			buildRules = (
			);
			dependencies = (
				8CAB617522F8FC4500329C2B /* PBXTargetDependency */,
			);
			name = SmartHomeUITests;
			productName = SmartHomeUITests;
			productReference = 8CAB617322F8FC4500329C2B /* SmartHomeUITests.xctest */;
			productType = "com.apple.product-type.bundle.ui-testing";
		};
/* End PBXNativeTarget section */

/* Begin PBXProject section */
		8CAB614C22F8FC3F00329C2B /* Project object */ = {
			isa = PBXProject;
			attributes = {
				LastSwiftUpdateCheck = 1020;
				LastUpgradeCheck = 1020;
				ORGANIZATIONNAME = "Yiming Dong";
				TargetAttributes = {
					8CAB615322F8FC4000329C2B = {
						CreatedOnToolsVersion = 10.2.1;
					};
					8CAB616722F8FC4500329C2B = {
						CreatedOnToolsVersion = 10.2.1;
						TestTargetID = 8CAB615322F8FC4000329C2B;
					};
					8CAB617222F8FC4500329C2B = {
						CreatedOnToolsVersion = 10.2.1;
						TestTargetID = 8CAB615322F8FC4000329C2B;
					};
				};
			};
			buildConfigurationList = 8CAB614F22F8FC3F00329C2B /* Build configuration list for PBXProject "SmartHome" */;
			compatibilityVersion = "Xcode 9.3";
			developmentRegion = en;
			hasScannedForEncodings = 0;
			knownRegions = (
				en,
				Base,
			);
			mainGroup = 8CAB614B22F8FC3F00329C2B;
			productRefGroup = 8CAB615522F8FC4000329C2B /* Products */;
			projectDirPath = "";
			projectRoot = "";
			targets = (
				8CAB615322F8FC4000329C2B /* SmartHome */,
				8CAB616722F8FC4500329C2B /* SmartHomeTests */,
				8CAB617222F8FC4500329C2B /* SmartHomeUITests */,
			);
		};
/* End PBXProject section */

/* Begin PBXResourcesBuildPhase section */
		8CAB615222F8FC4000329C2B /* Resources */ = {
			isa = PBXResourcesBuildPhase;
			buildActionMask = 2147483647;
			files = (
				8CAB616222F8FC4500329C2B /* LaunchScreen.storyboard in Resources */,
				8CAB615F22F8FC4500329C2B /* Assets.xcassets in Resources */,
				8CAB615D22F8FC4000329C2B /* Main.storyboard in Resources */,
			);
			runOnlyForDeploymentPostprocessing = 0;
		};
		8CAB616622F8FC4500329C2B /* Resources */ = {
			isa = PBXResourcesBuildPhase;
			buildActionMask = 2147483647;
			files = (
			);
			runOnlyForDeploymentPostprocessing = 0;
		};
		8CAB617122F8FC4500329C2B /* Resources */ = {
			isa = PBXResourcesBuildPhase;
			buildActionMask = 2147483647;
			files = (
			);
			runOnlyForDeploymentPostprocessing = 0;
		};
/* End PBXResourcesBuildPhase section */

/* Begin PBXShellScriptBuildPhase section */
		0A3F0F5D8394925E1682F678 /* [CP] Check Pods Manifest.lock */ = {
			isa = PBXShellScriptBuildPhase;
			buildActionMask = 2147483647;
			files = (
			);
			inputFileListPaths = (
			);
			inputPaths = (
				"${PODS_PODFILE_DIR_PATH}/Podfile.lock",
				"${PODS_ROOT}/Manifest.lock",
			);
			name = "[CP] Check Pods Manifest.lock";
			outputFileListPaths = (
			);
			outputPaths = (
				"$(DERIVED_FILE_DIR)/Pods-SmartHome-checkManifestLockResult.txt",
			);
			runOnlyForDeploymentPostprocessing = 0;
			shellPath = /bin/sh;
			shellScript = "diff \"${PODS_PODFILE_DIR_PATH}/Podfile.lock\" \"${PODS_ROOT}/Manifest.lock\" > /dev/null\nif [ $? != 0 ] ; then\n    # print error to STDERR\n    echo \"error: The sandbox is not in sync with the Podfile.lock. Run 'pod install' or update your CocoaPods installation.\" >&2\n    exit 1\nfi\n# This output is used by Xcode 'outputs' to avoid re-running this script phase.\necho \"SUCCESS\" > \"${SCRIPT_OUTPUT_FILE_0}\"\n";
			showEnvVarsInLog = 0;
		};
		E24F185A9119ACAB38EF4A9D /* [CP] Embed Pods Frameworks */ = {
			isa = PBXShellScriptBuildPhase;
			buildActionMask = 2147483647;
			files = (
			);
			inputFileListPaths = (
				"${PODS_ROOT}/Target Support Files/Pods-SmartHome/Pods-SmartHome-frameworks-${CONFIGURATION}-input-files.xcfilelist",
			);
			name = "[CP] Embed Pods Frameworks";
			outputFileListPaths = (
				"${PODS_ROOT}/Target Support Files/Pods-SmartHome/Pods-SmartHome-frameworks-${CONFIGURATION}-output-files.xcfilelist",
			);
			runOnlyForDeploymentPostprocessing = 0;
			shellPath = /bin/sh;
			shellScript = "\"${PODS_ROOT}/Target Support Files/Pods-SmartHome/Pods-SmartHome-frameworks.sh\"\n";
			showEnvVarsInLog = 0;
		};
/* End PBXShellScriptBuildPhase section */

/* Begin PBXSourcesBuildPhase section */
		8CAB615022F8FC4000329C2B /* Sources */ = {
			isa = PBXSourcesBuildPhase;
			buildActionMask = 2147483647;
			files = (
				8CAB619F22F9015300329C2B /* Fixture.swift in Sources */,
				8CAB618822F9000200329C2B /* NetworkManager.swift in Sources */,
				8CAB61A122F9018600329C2B /* ApiService.swift in Sources */,
				8CAB615A22F8FC4000329C2B /* ViewController.swift in Sources */,
				8CAB615822F8FC4000329C2B /* AppDelegate.swift in Sources */,
				8CAB618A22F9003800329C2B /* DataStorage.swift in Sources */,
				8CAB619D22F9014000329C2B /* Room.swift in Sources */,
				8CAB619B22F9012600329C2B /* House.swift in Sources */,
				8CAB619222F900C400329C2B /* HomepageViewModel.swift in Sources */,
				8CAB619522F900E400329C2B /* RoomViewModel.swift in Sources */,
				8CAB618F22F900A000329C2B /* HomepageViewController.swift in Sources */,
				8CAB61A422F901CF00329C2B /* TemperaturePoller.swift in Sources */,
				8CAB619722F900F200329C2B /* RoomViewController.swift in Sources */,
			);
			runOnlyForDeploymentPostprocessing = 0;
		};
		8CAB616422F8FC4500329C2B /* Sources */ = {
			isa = PBXSourcesBuildPhase;
			buildActionMask = 2147483647;
			files = (
				8CAB61AB22FA2C0300329C2B /* DataStorageTests.swift in Sources */,
				8CAB61A822F9080E00329C2B /* HouseTests.swift in Sources */,
				8CAB616D22F8FC4500329C2B /* SmartHomeTests.swift in Sources */,
			);
			runOnlyForDeploymentPostprocessing = 0;
		};
		8CAB616F22F8FC4500329C2B /* Sources */ = {
			isa = PBXSourcesBuildPhase;
			buildActionMask = 2147483647;
			files = (
				8CAB617822F8FC4500329C2B /* SmartHomeUITests.swift in Sources */,
			);
			runOnlyForDeploymentPostprocessing = 0;
		};
/* End PBXSourcesBuildPhase section */

/* Begin PBXTargetDependency section */
		8CAB616A22F8FC4500329C2B /* PBXTargetDependency */ = {
			isa = PBXTargetDependency;
			target = 8CAB615322F8FC4000329C2B /* SmartHome */;
			targetProxy = 8CAB616922F8FC4500329C2B /* PBXContainerItemProxy */;
		};
		8CAB617522F8FC4500329C2B /* PBXTargetDependency */ = {
			isa = PBXTargetDependency;
			target = 8CAB615322F8FC4000329C2B /* SmartHome */;
			targetProxy = 8CAB617422F8FC4500329C2B /* PBXContainerItemProxy */;
		};
/* End PBXTargetDependency section */

/* Begin PBXVariantGroup section */
		8CAB615B22F8FC4000329C2B /* Main.storyboard */ = {
			isa = PBXVariantGroup;
			children = (
				8CAB615C22F8FC4000329C2B /* Base */,
			);
			name = Main.storyboard;
			sourceTree = "<group>";
		};
		8CAB616022F8FC4500329C2B /* LaunchScreen.storyboard */ = {
			isa = PBXVariantGroup;
			children = (
				8CAB616122F8FC4500329C2B /* Base */,
			);
			name = LaunchScreen.storyboard;
			sourceTree = "<group>";
		};
/* End PBXVariantGroup section */

/* Begin XCBuildConfiguration section */
		8CAB617A22F8FC4500329C2B /* Debug */ = {
			isa = XCBuildConfiguration;
			buildSettings = {
				ALWAYS_SEARCH_USER_PATHS = NO;
				CLANG_ANALYZER_NONNULL = YES;
				CLANG_ANALYZER_NUMBER_OBJECT_CONVERSION = YES_AGGRESSIVE;
				CLANG_CXX_LANGUAGE_STANDARD = "gnu++14";
				CLANG_CXX_LIBRARY = "libc++";
				CLANG_ENABLE_MODULES = YES;
				CLANG_ENABLE_OBJC_ARC = YES;
				CLANG_ENABLE_OBJC_WEAK = YES;
				CLANG_WARN_BLOCK_CAPTURE_AUTORELEASING = YES;
				CLANG_WARN_BOOL_CONVERSION = YES;
				CLANG_WARN_COMMA = YES;
				CLANG_WARN_CONSTANT_CONVERSION = YES;
				CLANG_WARN_DEPRECATED_OBJC_IMPLEMENTATIONS = YES;
				CLANG_WARN_DIRECT_OBJC_ISA_USAGE = YES_ERROR;
				CLANG_WARN_DOCUMENTATION_COMMENTS = YES;
				CLANG_WARN_EMPTY_BODY = YES;
				CLANG_WARN_ENUM_CONVERSION = YES;
				CLANG_WARN_INFINITE_RECURSION = YES;
				CLANG_WARN_INT_CONVERSION = YES;
				CLANG_WARN_NON_LITERAL_NULL_CONVERSION = YES;
				CLANG_WARN_OBJC_IMPLICIT_RETAIN_SELF = YES;
				CLANG_WARN_OBJC_LITERAL_CONVERSION = YES;
				CLANG_WARN_OBJC_ROOT_CLASS = YES_ERROR;
				CLANG_WARN_RANGE_LOOP_ANALYSIS = YES;
				CLANG_WARN_STRICT_PROTOTYPES = YES;
				CLANG_WARN_SUSPICIOUS_MOVE = YES;
				CLANG_WARN_UNGUARDED_AVAILABILITY = YES_AGGRESSIVE;
				CLANG_WARN_UNREACHABLE_CODE = YES;
				CLANG_WARN__DUPLICATE_METHOD_MATCH = YES;
				CODE_SIGN_IDENTITY = "iPhone Developer";
				COPY_PHASE_STRIP = NO;
				DEBUG_INFORMATION_FORMAT = dwarf;
				ENABLE_STRICT_OBJC_MSGSEND = YES;
				ENABLE_TESTABILITY = YES;
				GCC_C_LANGUAGE_STANDARD = gnu11;
				GCC_DYNAMIC_NO_PIC = NO;
				GCC_NO_COMMON_BLOCKS = YES;
				GCC_OPTIMIZATION_LEVEL = 0;
				GCC_PREPROCESSOR_DEFINITIONS = (
					"DEBUG=1",
					"$(inherited)",
				);
				GCC_WARN_64_TO_32_BIT_CONVERSION = YES;
				GCC_WARN_ABOUT_RETURN_TYPE = YES_ERROR;
				GCC_WARN_UNDECLARED_SELECTOR = YES;
				GCC_WARN_UNINITIALIZED_AUTOS = YES_AGGRESSIVE;
				GCC_WARN_UNUSED_FUNCTION = YES;
				GCC_WARN_UNUSED_VARIABLE = YES;
				IPHONEOS_DEPLOYMENT_TARGET = 10.0;
				MTL_ENABLE_DEBUG_INFO = INCLUDE_SOURCE;
				MTL_FAST_MATH = YES;
				ONLY_ACTIVE_ARCH = YES;
				SDKROOT = iphoneos;
				SWIFT_ACTIVE_COMPILATION_CONDITIONS = DEBUG;
				SWIFT_OPTIMIZATION_LEVEL = "-Onone";
			};
			name = Debug;
		};
		8CAB617B22F8FC4500329C2B /* Release */ = {
			isa = XCBuildConfiguration;
			buildSettings = {
				ALWAYS_SEARCH_USER_PATHS = NO;
				CLANG_ANALYZER_NONNULL = YES;
				CLANG_ANALYZER_NUMBER_OBJECT_CONVERSION = YES_AGGRESSIVE;
				CLANG_CXX_LANGUAGE_STANDARD = "gnu++14";
				CLANG_CXX_LIBRARY = "libc++";
				CLANG_ENABLE_MODULES = YES;
				CLANG_ENABLE_OBJC_ARC = YES;
				CLANG_ENABLE_OBJC_WEAK = YES;
				CLANG_WARN_BLOCK_CAPTURE_AUTORELEASING = YES;
				CLANG_WARN_BOOL_CONVERSION = YES;
				CLANG_WARN_COMMA = YES;
				CLANG_WARN_CONSTANT_CONVERSION = YES;
				CLANG_WARN_DEPRECATED_OBJC_IMPLEMENTATIONS = YES;
				CLANG_WARN_DIRECT_OBJC_ISA_USAGE = YES_ERROR;
				CLANG_WARN_DOCUMENTATION_COMMENTS = YES;
				CLANG_WARN_EMPTY_BODY = YES;
				CLANG_WARN_ENUM_CONVERSION = YES;
				CLANG_WARN_INFINITE_RECURSION = YES;
				CLANG_WARN_INT_CONVERSION = YES;
				CLANG_WARN_NON_LITERAL_NULL_CONVERSION = YES;
				CLANG_WARN_OBJC_IMPLICIT_RETAIN_SELF = YES;
				CLANG_WARN_OBJC_LITERAL_CONVERSION = YES;
				CLANG_WARN_OBJC_ROOT_CLASS = YES_ERROR;
				CLANG_WARN_RANGE_LOOP_ANALYSIS = YES;
				CLANG_WARN_STRICT_PROTOTYPES = YES;
				CLANG_WARN_SUSPICIOUS_MOVE = YES;
				CLANG_WARN_UNGUARDED_AVAILABILITY = YES_AGGRESSIVE;
				CLANG_WARN_UNREACHABLE_CODE = YES;
				CLANG_WARN__DUPLICATE_METHOD_MATCH = YES;
				CODE_SIGN_IDENTITY = "iPhone Developer";
				COPY_PHASE_STRIP = NO;
				DEBUG_INFORMATION_FORMAT = "dwarf-with-dsym";
				ENABLE_NS_ASSERTIONS = NO;
				ENABLE_STRICT_OBJC_MSGSEND = YES;
				GCC_C_LANGUAGE_STANDARD = gnu11;
				GCC_NO_COMMON_BLOCKS = YES;
				GCC_WARN_64_TO_32_BIT_CONVERSION = YES;
				GCC_WARN_ABOUT_RETURN_TYPE = YES_ERROR;
				GCC_WARN_UNDECLARED_SELECTOR = YES;
				GCC_WARN_UNINITIALIZED_AUTOS = YES_AGGRESSIVE;
				GCC_WARN_UNUSED_FUNCTION = YES;
				GCC_WARN_UNUSED_VARIABLE = YES;
				IPHONEOS_DEPLOYMENT_TARGET = 10.0;
				MTL_ENABLE_DEBUG_INFO = NO;
				MTL_FAST_MATH = YES;
				SDKROOT = iphoneos;
				SWIFT_COMPILATION_MODE = wholemodule;
				SWIFT_OPTIMIZATION_LEVEL = "-O";
				VALIDATE_PRODUCT = YES;
			};
			name = Release;
		};
		8CAB617D22F8FC4500329C2B /* Debug */ = {
			isa = XCBuildConfiguration;
			baseConfigurationReference = CC27645E17DC6604202EE00A /* Pods-SmartHome.debug.xcconfig */;
			buildSettings = {
				ASSETCATALOG_COMPILER_APPICON_NAME = AppIcon;
				CODE_SIGN_STYLE = Automatic;
				DEVELOPMENT_TEAM = A6F3FRDAKH;
				INFOPLIST_FILE = SmartHome/Info.plist;
				LD_RUNPATH_SEARCH_PATHS = (
					"$(inherited)",
					"@executable_path/Frameworks",
				);
				PRODUCT_BUNDLE_IDENTIFIER = com.dymapp.SmartHome;
				PRODUCT_NAME = "$(TARGET_NAME)";
				SWIFT_VERSION = 5.0;
				TARGETED_DEVICE_FAMILY = "1,2";
			};
			name = Debug;
		};
		8CAB617E22F8FC4500329C2B /* Release */ = {
			isa = XCBuildConfiguration;
			baseConfigurationReference = 3665F6C16EB97DCEF1E12DA6 /* Pods-SmartHome.release.xcconfig */;
			buildSettings = {
				ASSETCATALOG_COMPILER_APPICON_NAME = AppIcon;
				CODE_SIGN_STYLE = Automatic;
				DEVELOPMENT_TEAM = A6F3FRDAKH;
				INFOPLIST_FILE = SmartHome/Info.plist;
				LD_RUNPATH_SEARCH_PATHS = (
					"$(inherited)",
					"@executable_path/Frameworks",
				);
				PRODUCT_BUNDLE_IDENTIFIER = com.dymapp.SmartHome;
				PRODUCT_NAME = "$(TARGET_NAME)";
				SWIFT_VERSION = 5.0;
				TARGETED_DEVICE_FAMILY = "1,2";
			};
			name = Release;
		};
		8CAB618022F8FC4500329C2B /* Debug */ = {
			isa = XCBuildConfiguration;
			buildSettings = {
				ALWAYS_EMBED_SWIFT_STANDARD_LIBRARIES = YES;
				BUNDLE_LOADER = "$(TEST_HOST)";
				CODE_SIGN_STYLE = Automatic;
				DEVELOPMENT_TEAM = A6F3FRDAKH;
				INFOPLIST_FILE = SmartHomeTests/Info.plist;
				LD_RUNPATH_SEARCH_PATHS = (
					"$(inherited)",
					"@executable_path/Frameworks",
					"@loader_path/Frameworks",
				);
				PRODUCT_BUNDLE_IDENTIFIER = com.dymapp.SmartHomeTests;
				PRODUCT_NAME = "$(TARGET_NAME)";
				SWIFT_VERSION = 5.0;
				TARGETED_DEVICE_FAMILY = "1,2";
				TEST_HOST = "$(BUILT_PRODUCTS_DIR)/SmartHome.app/SmartHome";
			};
			name = Debug;
		};
		8CAB618122F8FC4500329C2B /* Release */ = {
			isa = XCBuildConfiguration;
			buildSettings = {
				ALWAYS_EMBED_SWIFT_STANDARD_LIBRARIES = YES;
				BUNDLE_LOADER = "$(TEST_HOST)";
				CODE_SIGN_STYLE = Automatic;
				DEVELOPMENT_TEAM = A6F3FRDAKH;
				INFOPLIST_FILE = SmartHomeTests/Info.plist;
				LD_RUNPATH_SEARCH_PATHS = (
					"$(inherited)",
					"@executable_path/Frameworks",
					"@loader_path/Frameworks",
				);
				PRODUCT_BUNDLE_IDENTIFIER = com.dymapp.SmartHomeTests;
				PRODUCT_NAME = "$(TARGET_NAME)";
				SWIFT_VERSION = 5.0;
				TARGETED_DEVICE_FAMILY = "1,2";
				TEST_HOST = "$(BUILT_PRODUCTS_DIR)/SmartHome.app/SmartHome";
			};
			name = Release;
		};
		8CAB618322F8FC4500329C2B /* Debug */ = {
			isa = XCBuildConfiguration;
			buildSettings = {
				ALWAYS_EMBED_SWIFT_STANDARD_LIBRARIES = YES;
				CODE_SIGN_STYLE = Automatic;
				DEVELOPMENT_TEAM = A6F3FRDAKH;
				INFOPLIST_FILE = SmartHomeUITests/Info.plist;
				LD_RUNPATH_SEARCH_PATHS = (
					"$(inherited)",
					"@executable_path/Frameworks",
					"@loader_path/Frameworks",
				);
				PRODUCT_BUNDLE_IDENTIFIER = com.dymapp.SmartHomeUITests;
				PRODUCT_NAME = "$(TARGET_NAME)";
				SWIFT_VERSION = 5.0;
				TARGETED_DEVICE_FAMILY = "1,2";
				TEST_TARGET_NAME = SmartHome;
			};
			name = Debug;
		};
		8CAB618422F8FC4500329C2B /* Release */ = {
			isa = XCBuildConfiguration;
			buildSettings = {
				ALWAYS_EMBED_SWIFT_STANDARD_LIBRARIES = YES;
				CODE_SIGN_STYLE = Automatic;
				DEVELOPMENT_TEAM = A6F3FRDAKH;
				INFOPLIST_FILE = SmartHomeUITests/Info.plist;
				LD_RUNPATH_SEARCH_PATHS = (
					"$(inherited)",
					"@executable_path/Frameworks",
					"@loader_path/Frameworks",
				);
				PRODUCT_BUNDLE_IDENTIFIER = com.dymapp.SmartHomeUITests;
				PRODUCT_NAME = "$(TARGET_NAME)";
				SWIFT_VERSION = 5.0;
				TARGETED_DEVICE_FAMILY = "1,2";
				TEST_TARGET_NAME = SmartHome;
			};
			name = Release;
		};
/* End XCBuildConfiguration section */

/* Begin XCConfigurationList section */
		8CAB614F22F8FC3F00329C2B /* Build configuration list for PBXProject "SmartHome" */ = {
			isa = XCConfigurationList;
			buildConfigurations = (
				8CAB617A22F8FC4500329C2B /* Debug */,
				8CAB617B22F8FC4500329C2B /* Release */,
			);
			defaultConfigurationIsVisible = 0;
			defaultConfigurationName = Release;
		};
		8CAB617C22F8FC4500329C2B /* Build configuration list for PBXNativeTarget "SmartHome" */ = {
			isa = XCConfigurationList;
			buildConfigurations = (
				8CAB617D22F8FC4500329C2B /* Debug */,
				8CAB617E22F8FC4500329C2B /* Release */,
			);
			defaultConfigurationIsVisible = 0;
			defaultConfigurationName = Release;
		};
		8CAB617F22F8FC4500329C2B /* Build configuration list for PBXNativeTarget "SmartHomeTests" */ = {
			isa = XCConfigurationList;
			buildConfigurations = (
				8CAB618022F8FC4500329C2B /* Debug */,
				8CAB618122F8FC4500329C2B /* Release */,
			);
			defaultConfigurationIsVisible = 0;
			defaultConfigurationName = Release;
		};
		8CAB618222F8FC4500329C2B /* Build configuration list for PBXNativeTarget "SmartHomeUITests" */ = {
			isa = XCConfigurationList;
			buildConfigurations = (
				8CAB618322F8FC4500329C2B /* Debug */,
				8CAB618422F8FC4500329C2B /* Release */,
			);
			defaultConfigurationIsVisible = 0;
			defaultConfigurationName = Release;
		};
/* End XCConfigurationList section */
	};
	rootObject = 8CAB614C22F8FC3F00329C2B /* Project object */;
}
